// !$*UTF8*$!
{
	archiveVersion = 1;
	classes = {
	};
	objectVersion = 50;
	objects = {

/* Begin PBXBuildFile section */
		6E05290D2218289600A45516 /* DogsInteractor.swift in Sources */ = {isa = PBXBuildFile; fileRef = 6E05290C2218289600A45516 /* DogsInteractor.swift */; };
		6E05291122182C1500A45516 /* Dog.swift in Sources */ = {isa = PBXBuildFile; fileRef = 6E05291022182C1500A45516 /* Dog.swift */; };
		6E0529132218359E00A45516 /* Dogs in Resources */ = {isa = PBXBuildFile; fileRef = 6E0529122218359E00A45516 /* Dogs */; };
		6E0529152218E45700A45516 /* DosPresenter.swift in Sources */ = {isa = PBXBuildFile; fileRef = 6E0529142218E45700A45516 /* DosPresenter.swift */; };
		6E0D2A9E221812FD008CB223 /* AppDelegate.swift in Sources */ = {isa = PBXBuildFile; fileRef = 6E0D2A9D221812FD008CB223 /* AppDelegate.swift */; };
		6E0D2AA3221812FD008CB223 /* Main.storyboard in Resources */ = {isa = PBXBuildFile; fileRef = 6E0D2AA1221812FD008CB223 /* Main.storyboard */; };
		6E0D2AA5221812FF008CB223 /* Assets.xcassets in Resources */ = {isa = PBXBuildFile; fileRef = 6E0D2AA4221812FF008CB223 /* Assets.xcassets */; };
		6E0D2AA8221812FF008CB223 /* LaunchScreen.storyboard in Resources */ = {isa = PBXBuildFile; fileRef = 6E0D2AA6221812FF008CB223 /* LaunchScreen.storyboard */; };
		6E0D2AB3221812FF008CB223 /* CustomVCTransitionsTests.swift in Sources */ = {isa = PBXBuildFile; fileRef = 6E0D2AB2221812FF008CB223 /* CustomVCTransitionsTests.swift */; };
		6E0D2ABE221812FF008CB223 /* CustomVCTransitionsUITests.swift in Sources */ = {isa = PBXBuildFile; fileRef = 6E0D2ABD221812FF008CB223 /* CustomVCTransitionsUITests.swift */; };
		6E265411221CA6A800A763CA /* PhotoZoomInAnimatedTransition.swift in Sources */ = {isa = PBXBuildFile; fileRef = 6E265410221CA6A800A763CA /* PhotoZoomInAnimatedTransition.swift */; };
		6E265413221CA6C200A763CA /* PhotoZoomOutAnimatedTransition.swift in Sources */ = {isa = PBXBuildFile; fileRef = 6E265412221CA6C200A763CA /* PhotoZoomOutAnimatedTransition.swift */; };
		6E35F41922214F8E00E27BE6 /* UIImageView+Utils.swift in Sources */ = {isa = PBXBuildFile; fileRef = 6E35F41822214F8E00E27BE6 /* UIImageView+Utils.swift */; };
		6E35F41D2222527400E27BE6 /* ViewProviders.swift in Sources */ = {isa = PBXBuildFile; fileRef = 6E35F41C2222527400E27BE6 /* ViewProviders.swift */; };
		6EAEBEB6221A0AE50036BBF1 /* SettingsWireframe.swift in Sources */ = {isa = PBXBuildFile; fileRef = 6EAEBEB5221A0AE50036BBF1 /* SettingsWireframe.swift */; };
		6EAEBEB8221A10E40036BBF1 /* PhotoDetailsWireFrame.swift in Sources */ = {isa = PBXBuildFile; fileRef = 6EAEBEB7221A10E40036BBF1 /* PhotoDetailsWireFrame.swift */; };
		6EAEBEBB221AAC820036BBF1 /* SwipeDownInteractiveTransition.swift in Sources */ = {isa = PBXBuildFile; fileRef = 6EAEBEBA221AAC820036BBF1 /* SwipeDownInteractiveTransition.swift */; };
		6EAEBEBD221AADA40036BBF1 /* SlideDownAnimatedTransition.swift in Sources */ = {isa = PBXBuildFile; fileRef = 6EAEBEBC221AADA40036BBF1 /* SlideDownAnimatedTransition.swift */; };
		6EAEBEBF221AAE490036BBF1 /* SlideUpAnimatedTransition.swift in Sources */ = {isa = PBXBuildFile; fileRef = 6EAEBEBE221AAE490036BBF1 /* SlideUpAnimatedTransition.swift */; };
		6EAEBEC1221AAF240036BBF1 /* InteractiveModalPresentationType.swift in Sources */ = {isa = PBXBuildFile; fileRef = 6EAEBEC0221AAF240036BBF1 /* InteractiveModalPresentationType.swift */; };
		6EB383802218FEEE00421C2D /* DogsGalleryViewController.swift in Sources */ = {isa = PBXBuildFile; fileRef = 6EB3837F2218FEEE00421C2D /* DogsGalleryViewController.swift */; };
		6EB38386221910D200421C2D /* DogPhotoCell.xib in Resources */ = {isa = PBXBuildFile; fileRef = 6EB38384221910D200421C2D /* DogPhotoCell.xib */; };
		6EB38388221915B800421C2D /* DogPhotoCell.swift in Sources */ = {isa = PBXBuildFile; fileRef = 6EB38387221915B800421C2D /* DogPhotoCell.swift */; };
		6EB3838B221947C500421C2D /* UIImage+Utils.swift in Sources */ = {isa = PBXBuildFile; fileRef = 6EB3838A221947C500421C2D /* UIImage+Utils.swift */; };
		6EB3838E2219633800421C2D /* PhotoDetailViewController.swift in Sources */ = {isa = PBXBuildFile; fileRef = 6EB3838D2219633800421C2D /* PhotoDetailViewController.swift */; };
		6EB3839022197DB500421C2D /* SettingsViewController.swift in Sources */ = {isa = PBXBuildFile; fileRef = 6EB3838F22197DB500421C2D /* SettingsViewController.swift */; };
		6EB3839222197E3E00421C2D /* SettingsPresenter.swift in Sources */ = {isa = PBXBuildFile; fileRef = 6EB3839122197E3E00421C2D /* SettingsPresenter.swift */; };
		6EB3839422197E5600421C2D /* SettingsInteractor.swift in Sources */ = {isa = PBXBuildFile; fileRef = 6EB3839322197E5600421C2D /* SettingsInteractor.swift */; };
/* End PBXBuildFile section */

/* Begin PBXContainerItemProxy section */
		6E0D2AAF221812FF008CB223 /* PBXContainerItemProxy */ = {
			isa = PBXContainerItemProxy;
			containerPortal = 6E0D2A92221812FD008CB223 /* Project object */;
			proxyType = 1;
			remoteGlobalIDString = 6E0D2A99221812FD008CB223;
			remoteInfo = CustomVCTransitions;
		};
		6E0D2ABA221812FF008CB223 /* PBXContainerItemProxy */ = {
			isa = PBXContainerItemProxy;
			containerPortal = 6E0D2A92221812FD008CB223 /* Project object */;
			proxyType = 1;
			remoteGlobalIDString = 6E0D2A99221812FD008CB223;
			remoteInfo = CustomVCTransitions;
		};
/* End PBXContainerItemProxy section */

/* Begin PBXFileReference section */
		6E05290C2218289600A45516 /* DogsInteractor.swift */ = {isa = PBXFileReference; lastKnownFileType = sourcecode.swift; path = DogsInteractor.swift; sourceTree = "<group>"; };
		6E05291022182C1500A45516 /* Dog.swift */ = {isa = PBXFileReference; lastKnownFileType = sourcecode.swift; path = Dog.swift; sourceTree = "<group>"; };
		6E0529122218359E00A45516 /* Dogs */ = {isa = PBXFileReference; lastKnownFileType = folder; path = Dogs; sourceTree = SOURCE_ROOT; };
		6E0529142218E45700A45516 /* DosPresenter.swift */ = {isa = PBXFileReference; lastKnownFileType = sourcecode.swift; path = DosPresenter.swift; sourceTree = "<group>"; };
		6E0D2A9A221812FD008CB223 /* CustomVCTransitions.app */ = {isa = PBXFileReference; explicitFileType = wrapper.application; includeInIndex = 0; path = CustomVCTransitions.app; sourceTree = BUILT_PRODUCTS_DIR; };
		6E0D2A9D221812FD008CB223 /* AppDelegate.swift */ = {isa = PBXFileReference; lastKnownFileType = sourcecode.swift; path = AppDelegate.swift; sourceTree = "<group>"; };
		6E0D2AA2221812FD008CB223 /* Base */ = {isa = PBXFileReference; lastKnownFileType = file.storyboard; name = Base; path = Base.lproj/Main.storyboard; sourceTree = "<group>"; };
		6E0D2AA4221812FF008CB223 /* Assets.xcassets */ = {isa = PBXFileReference; lastKnownFileType = folder.assetcatalog; path = Assets.xcassets; sourceTree = "<group>"; };
		6E0D2AA7221812FF008CB223 /* Base */ = {isa = PBXFileReference; lastKnownFileType = file.storyboard; name = Base; path = Base.lproj/LaunchScreen.storyboard; sourceTree = "<group>"; };
		6E0D2AA9221812FF008CB223 /* Info.plist */ = {isa = PBXFileReference; lastKnownFileType = text.plist.xml; path = Info.plist; sourceTree = "<group>"; };
		6E0D2AAE221812FF008CB223 /* CustomVCTransitionsTests.xctest */ = {isa = PBXFileReference; explicitFileType = wrapper.cfbundle; includeInIndex = 0; path = CustomVCTransitionsTests.xctest; sourceTree = BUILT_PRODUCTS_DIR; };
		6E0D2AB2221812FF008CB223 /* CustomVCTransitionsTests.swift */ = {isa = PBXFileReference; lastKnownFileType = sourcecode.swift; path = CustomVCTransitionsTests.swift; sourceTree = "<group>"; };
		6E0D2AB4221812FF008CB223 /* Info.plist */ = {isa = PBXFileReference; lastKnownFileType = text.plist.xml; path = Info.plist; sourceTree = "<group>"; };
		6E0D2AB9221812FF008CB223 /* CustomVCTransitionsUITests.xctest */ = {isa = PBXFileReference; explicitFileType = wrapper.cfbundle; includeInIndex = 0; path = CustomVCTransitionsUITests.xctest; sourceTree = BUILT_PRODUCTS_DIR; };
		6E0D2ABD221812FF008CB223 /* CustomVCTransitionsUITests.swift */ = {isa = PBXFileReference; lastKnownFileType = sourcecode.swift; path = CustomVCTransitionsUITests.swift; sourceTree = "<group>"; };
		6E0D2ABF221812FF008CB223 /* Info.plist */ = {isa = PBXFileReference; lastKnownFileType = text.plist.xml; path = Info.plist; sourceTree = "<group>"; };
		6E265410221CA6A800A763CA /* PhotoZoomInAnimatedTransition.swift */ = {isa = PBXFileReference; lastKnownFileType = sourcecode.swift; path = PhotoZoomInAnimatedTransition.swift; sourceTree = "<group>"; };
		6E265412221CA6C200A763CA /* PhotoZoomOutAnimatedTransition.swift */ = {isa = PBXFileReference; lastKnownFileType = sourcecode.swift; path = PhotoZoomOutAnimatedTransition.swift; sourceTree = "<group>"; };
		6E35F41822214F8E00E27BE6 /* UIImageView+Utils.swift */ = {isa = PBXFileReference; lastKnownFileType = sourcecode.swift; path = "UIImageView+Utils.swift"; sourceTree = "<group>"; };
		6E35F41C2222527400E27BE6 /* ViewProviders.swift */ = {isa = PBXFileReference; lastKnownFileType = sourcecode.swift; path = ViewProviders.swift; sourceTree = "<group>"; };
		6EAEBEB5221A0AE50036BBF1 /* SettingsWireframe.swift */ = {isa = PBXFileReference; lastKnownFileType = sourcecode.swift; path = SettingsWireframe.swift; sourceTree = "<group>"; };
		6EAEBEB7221A10E40036BBF1 /* PhotoDetailsWireFrame.swift */ = {isa = PBXFileReference; lastKnownFileType = sourcecode.swift; path = PhotoDetailsWireFrame.swift; sourceTree = "<group>"; };
		6EAEBEBA221AAC820036BBF1 /* SwipeDownInteractiveTransition.swift */ = {isa = PBXFileReference; lastKnownFileType = sourcecode.swift; path = SwipeDownInteractiveTransition.swift; sourceTree = "<group>"; };
		6EAEBEBC221AADA40036BBF1 /* SlideDownAnimatedTransition.swift */ = {isa = PBXFileReference; lastKnownFileType = sourcecode.swift; path = SlideDownAnimatedTransition.swift; sourceTree = "<group>"; };
		6EAEBEBE221AAE490036BBF1 /* SlideUpAnimatedTransition.swift */ = {isa = PBXFileReference; lastKnownFileType = sourcecode.swift; path = SlideUpAnimatedTransition.swift; sourceTree = "<group>"; };
		6EAEBEC0221AAF240036BBF1 /* InteractiveModalPresentationType.swift */ = {isa = PBXFileReference; lastKnownFileType = sourcecode.swift; path = InteractiveModalPresentationType.swift; sourceTree = "<group>"; };
		6EB3837F2218FEEE00421C2D /* DogsGalleryViewController.swift */ = {isa = PBXFileReference; fileEncoding = 4; lastKnownFileType = sourcecode.swift; path = DogsGalleryViewController.swift; sourceTree = "<group>"; };
		6EB38384221910D200421C2D /* DogPhotoCell.xib */ = {isa = PBXFileReference; lastKnownFileType = file.xib; path = DogPhotoCell.xib; sourceTree = "<group>"; };
		6EB38387221915B800421C2D /* DogPhotoCell.swift */ = {isa = PBXFileReference; fileEncoding = 4; lastKnownFileType = sourcecode.swift; path = DogPhotoCell.swift; sourceTree = "<group>"; };
		6EB3838A221947C500421C2D /* UIImage+Utils.swift */ = {isa = PBXFileReference; lastKnownFileType = sourcecode.swift; path = "UIImage+Utils.swift"; sourceTree = "<group>"; };
		6EB3838D2219633800421C2D /* PhotoDetailViewController.swift */ = {isa = PBXFileReference; lastKnownFileType = sourcecode.swift; path = PhotoDetailViewController.swift; sourceTree = "<group>"; };
		6EB3838F22197DB500421C2D /* SettingsViewController.swift */ = {isa = PBXFileReference; lastKnownFileType = sourcecode.swift; path = SettingsViewController.swift; sourceTree = "<group>"; };
		6EB3839122197E3E00421C2D /* SettingsPresenter.swift */ = {isa = PBXFileReference; lastKnownFileType = sourcecode.swift; path = SettingsPresenter.swift; sourceTree = "<group>"; };
		6EB3839322197E5600421C2D /* SettingsInteractor.swift */ = {isa = PBXFileReference; lastKnownFileType = sourcecode.swift; path = SettingsInteractor.swift; sourceTree = "<group>"; };
/* End PBXFileReference section */

/* Begin PBXFrameworksBuildPhase section */
		6E0D2A97221812FD008CB223 /* Frameworks */ = {
			isa = PBXFrameworksBuildPhase;
			buildActionMask = 2147483647;
			files = (
			);
			runOnlyForDeploymentPostprocessing = 0;
		};
		6E0D2AAB221812FF008CB223 /* Frameworks */ = {
			isa = PBXFrameworksBuildPhase;
			buildActionMask = 2147483647;
			files = (
			);
			runOnlyForDeploymentPostprocessing = 0;
		};
		6E0D2AB6221812FF008CB223 /* Frameworks */ = {
			isa = PBXFrameworksBuildPhase;
			buildActionMask = 2147483647;
			files = (
			);
			runOnlyForDeploymentPostprocessing = 0;
		};
/* End PBXFrameworksBuildPhase section */

/* Begin PBXGroup section */
		6E05290A2218280200A45516 /* AdorableDogs */ = {
			isa = PBXGroup;
			children = (
				6E05290C2218289600A45516 /* DogsInteractor.swift */,
				6E05291022182C1500A45516 /* Dog.swift */,
				6EB3837F2218FEEE00421C2D /* DogsGalleryViewController.swift */,
				6E0529142218E45700A45516 /* DosPresenter.swift */,
				6EB38387221915B800421C2D /* DogPhotoCell.swift */,
				6EB38384221910D200421C2D /* DogPhotoCell.xib */,
			);
			path = AdorableDogs;
			sourceTree = "<group>";
		};
		6E05290B2218284900A45516 /* Settings */ = {
			isa = PBXGroup;
			children = (
				6EB3838F22197DB500421C2D /* SettingsViewController.swift */,
				6EB3839122197E3E00421C2D /* SettingsPresenter.swift */,
				6EB3839322197E5600421C2D /* SettingsInteractor.swift */,
				6EAEBEB5221A0AE50036BBF1 /* SettingsWireframe.swift */,
			);
			path = Settings;
			sourceTree = "<group>";
		};
		6E0D2A91221812FD008CB223 = {
			isa = PBXGroup;
			children = (
				6E0D2A9C221812FD008CB223 /* CustomVCTransitions */,
				6E0D2AB1221812FF008CB223 /* CustomVCTransitionsTests */,
				6E0D2ABC221812FF008CB223 /* CustomVCTransitionsUITests */,
				6E0D2A9B221812FD008CB223 /* Products */,
			);
			sourceTree = "<group>";
		};
		6E0D2A9B221812FD008CB223 /* Products */ = {
			isa = PBXGroup;
			children = (
				6E0D2A9A221812FD008CB223 /* CustomVCTransitions.app */,
				6E0D2AAE221812FF008CB223 /* CustomVCTransitionsTests.xctest */,
				6E0D2AB9221812FF008CB223 /* CustomVCTransitionsUITests.xctest */,
			);
			name = Products;
			sourceTree = "<group>";
		};
		6E0D2A9C221812FD008CB223 /* CustomVCTransitions */ = {
			isa = PBXGroup;
			children = (
				6EAEBEB9221AABAF0036BBF1 /* CustomVCTransitions */,
				6EB3838C221962FD00421C2D /* PhotoDetail */,
				6EB38389221947A900421C2D /* Utils */,
				6E0529122218359E00A45516 /* Dogs */,
				6E05290B2218284900A45516 /* Settings */,
				6E05290A2218280200A45516 /* AdorableDogs */,
				6E0D2A9D221812FD008CB223 /* AppDelegate.swift */,
				6E0D2AA1221812FD008CB223 /* Main.storyboard */,
				6E0D2AA4221812FF008CB223 /* Assets.xcassets */,
				6E0D2AA6221812FF008CB223 /* LaunchScreen.storyboard */,
				6E0D2AA9221812FF008CB223 /* Info.plist */,
			);
			path = CustomVCTransitions;
			sourceTree = "<group>";
		};
		6E0D2AB1221812FF008CB223 /* CustomVCTransitionsTests */ = {
			isa = PBXGroup;
			children = (
				6E0D2AB2221812FF008CB223 /* CustomVCTransitionsTests.swift */,
				6E0D2AB4221812FF008CB223 /* Info.plist */,
			);
			path = CustomVCTransitionsTests;
			sourceTree = "<group>";
		};
		6E0D2ABC221812FF008CB223 /* CustomVCTransitionsUITests */ = {
			isa = PBXGroup;
			children = (
				6E0D2ABD221812FF008CB223 /* CustomVCTransitionsUITests.swift */,
				6E0D2ABF221812FF008CB223 /* Info.plist */,
			);
			path = CustomVCTransitionsUITests;
			sourceTree = "<group>";
		};
		6E26540F221CA46200A763CA /* CustomTransitioning */ = {
			isa = PBXGroup;
			children = (
				6E265410221CA6A800A763CA /* PhotoZoomInAnimatedTransition.swift */,
				6E265412221CA6C200A763CA /* PhotoZoomOutAnimatedTransition.swift */,
				6E35F41C2222527400E27BE6 /* ViewProviders.swift */,
			);
			path = CustomTransitioning;
			sourceTree = "<group>";
		};
		6EAEBEB9221AABAF0036BBF1 /* CustomVCTransitions */ = {
			isa = PBXGroup;
			children = (
				6EAEBEBA221AAC820036BBF1 /* SwipeDownInteractiveTransition.swift */,
				6EAEBEBC221AADA40036BBF1 /* SlideDownAnimatedTransition.swift */,
				6EAEBEBE221AAE490036BBF1 /* SlideUpAnimatedTransition.swift */,
				6EAEBEC0221AAF240036BBF1 /* InteractiveModalPresentationType.swift */,
			);
			path = CustomVCTransitions;
			sourceTree = "<group>";
		};
		6EB38389221947A900421C2D /* Utils */ = {
			isa = PBXGroup;
			children = (
				6EB3838A221947C500421C2D /* UIImage+Utils.swift */,
				6E35F41822214F8E00E27BE6 /* UIImageView+Utils.swift */,
			);
			path = Utils;
			sourceTree = "<group>";
		};
		6EB3838C221962FD00421C2D /* PhotoDetail */ = {
			isa = PBXGroup;
			children = (
				6E26540F221CA46200A763CA /* CustomTransitioning */,
				6EB3838D2219633800421C2D /* PhotoDetailViewController.swift */,
				6EAEBEB7221A10E40036BBF1 /* PhotoDetailsWireFrame.swift */,
			);
			path = PhotoDetail;
			sourceTree = "<group>";
		};
/* End PBXGroup section */

/* Begin PBXNativeTarget section */
		6E0D2A99221812FD008CB223 /* CustomVCTransitions */ = {
			isa = PBXNativeTarget;
			buildConfigurationList = 6E0D2AC2221812FF008CB223 /* Build configuration list for PBXNativeTarget "CustomVCTransitions" */;
			buildPhases = (
				6E0D2A96221812FD008CB223 /* Sources */,
				6E0D2A97221812FD008CB223 /* Frameworks */,
				6E0D2A98221812FD008CB223 /* Resources */,
			);
			buildRules = (
			);
			dependencies = (
			);
			name = CustomVCTransitions;
			productName = CustomVCTransitions;
			productReference = 6E0D2A9A221812FD008CB223 /* CustomVCTransitions.app */;
			productType = "com.apple.product-type.application";
		};
		6E0D2AAD221812FF008CB223 /* CustomVCTransitionsTests */ = {
			isa = PBXNativeTarget;
			buildConfigurationList = 6E0D2AC5221812FF008CB223 /* Build configuration list for PBXNativeTarget "CustomVCTransitionsTests" */;
			buildPhases = (
				6E0D2AAA221812FF008CB223 /* Sources */,
				6E0D2AAB221812FF008CB223 /* Frameworks */,
				6E0D2AAC221812FF008CB223 /* Resources */,
			);
			buildRules = (
			);
			dependencies = (
				6E0D2AB0221812FF008CB223 /* PBXTargetDependency */,
			);
			name = CustomVCTransitionsTests;
			productName = CustomVCTransitionsTests;
			productReference = 6E0D2AAE221812FF008CB223 /* CustomVCTransitionsTests.xctest */;
			productType = "com.apple.product-type.bundle.unit-test";
		};
		6E0D2AB8221812FF008CB223 /* CustomVCTransitionsUITests */ = {
			isa = PBXNativeTarget;
			buildConfigurationList = 6E0D2AC8221812FF008CB223 /* Build configuration list for PBXNativeTarget "CustomVCTransitionsUITests" */;
			buildPhases = (
				6E0D2AB5221812FF008CB223 /* Sources */,
				6E0D2AB6221812FF008CB223 /* Frameworks */,
				6E0D2AB7221812FF008CB223 /* Resources */,
			);
			buildRules = (
			);
			dependencies = (
				6E0D2ABB221812FF008CB223 /* PBXTargetDependency */,
			);
			name = CustomVCTransitionsUITests;
			productName = CustomVCTransitionsUITests;
			productReference = 6E0D2AB9221812FF008CB223 /* CustomVCTransitionsUITests.xctest */;
			productType = "com.apple.product-type.bundle.ui-testing";
		};
/* End PBXNativeTarget section */

/* Begin PBXProject section */
		6E0D2A92221812FD008CB223 /* Project object */ = {
			isa = PBXProject;
			attributes = {
				LastSwiftUpdateCheck = 1010;
				LastUpgradeCheck = 1010;
				ORGANIZATIONNAME = "Pablo Caif";
				TargetAttributes = {
					6E0D2A99221812FD008CB223 = {
						CreatedOnToolsVersion = 10.1;
					};
					6E0D2AAD221812FF008CB223 = {
						CreatedOnToolsVersion = 10.1;
						TestTargetID = 6E0D2A99221812FD008CB223;
					};
					6E0D2AB8221812FF008CB223 = {
						CreatedOnToolsVersion = 10.1;
						TestTargetID = 6E0D2A99221812FD008CB223;
					};
				};
			};
			buildConfigurationList = 6E0D2A95221812FD008CB223 /* Build configuration list for PBXProject "CustomVCTransitions" */;
			compatibilityVersion = "Xcode 9.3";
			developmentRegion = en;
			hasScannedForEncodings = 0;
			knownRegions = (
				en,
				Base,
			);
			mainGroup = 6E0D2A91221812FD008CB223;
			productRefGroup = 6E0D2A9B221812FD008CB223 /* Products */;
			projectDirPath = "";
			projectRoot = "";
			targets = (
				6E0D2A99221812FD008CB223 /* CustomVCTransitions */,
				6E0D2AAD221812FF008CB223 /* CustomVCTransitionsTests */,
				6E0D2AB8221812FF008CB223 /* CustomVCTransitionsUITests */,
			);
		};
/* End PBXProject section */

/* Begin PBXResourcesBuildPhase section */
		6E0D2A98221812FD008CB223 /* Resources */ = {
			isa = PBXResourcesBuildPhase;
			buildActionMask = 2147483647;
			files = (
				6E0529132218359E00A45516 /* Dogs in Resources */,
				6EB38386221910D200421C2D /* DogPhotoCell.xib in Resources */,
				6E0D2AA8221812FF008CB223 /* LaunchScreen.storyboard in Resources */,
				6E0D2AA5221812FF008CB223 /* Assets.xcassets in Resources */,
				6E0D2AA3221812FD008CB223 /* Main.storyboard in Resources */,
			);
			runOnlyForDeploymentPostprocessing = 0;
		};
		6E0D2AAC221812FF008CB223 /* Resources */ = {
			isa = PBXResourcesBuildPhase;
			buildActionMask = 2147483647;
			files = (
			);
			runOnlyForDeploymentPostprocessing = 0;
		};
		6E0D2AB7221812FF008CB223 /* Resources */ = {
			isa = PBXResourcesBuildPhase;
			buildActionMask = 2147483647;
			files = (
			);
			runOnlyForDeploymentPostprocessing = 0;
		};
/* End PBXResourcesBuildPhase section */

/* Begin PBXSourcesBuildPhase section */
		6E0D2A96221812FD008CB223 /* Sources */ = {
			isa = PBXSourcesBuildPhase;
			buildActionMask = 2147483647;
			files = (
				6E0529152218E45700A45516 /* DosPresenter.swift in Sources */,
				6E0D2A9E221812FD008CB223 /* AppDelegate.swift in Sources */,
				6EAEBEBB221AAC820036BBF1 /* SwipeDownInteractiveTransition.swift in Sources */,
				6E05291122182C1500A45516 /* Dog.swift in Sources */,
				6EB38388221915B800421C2D /* DogPhotoCell.swift in Sources */,
				6E35F41D2222527400E27BE6 /* ViewProviders.swift in Sources */,
				6EB3838B221947C500421C2D /* UIImage+Utils.swift in Sources */,
				6EAEBEB6221A0AE50036BBF1 /* SettingsWireframe.swift in Sources */,
				6EB3839422197E5600421C2D /* SettingsInteractor.swift in Sources */,
				6EAEBEBD221AADA40036BBF1 /* SlideDownAnimatedTransition.swift in Sources */,
				6EB383802218FEEE00421C2D /* DogsGalleryViewController.swift in Sources */,
				6E265411221CA6A800A763CA /* PhotoZoomInAnimatedTransition.swift in Sources */,
				6EB3838E2219633800421C2D /* PhotoDetailViewController.swift in Sources */,
				6EAEBEB8221A10E40036BBF1 /* PhotoDetailsWireFrame.swift in Sources */,
				6E265413221CA6C200A763CA /* PhotoZoomOutAnimatedTransition.swift in Sources */,
				6EAEBEC1221AAF240036BBF1 /* InteractiveModalPresentationType.swift in Sources */,
				6E05290D2218289600A45516 /* DogsInteractor.swift in Sources */,
				6EB3839022197DB500421C2D /* SettingsViewController.swift in Sources */,
				6EAEBEBF221AAE490036BBF1 /* SlideUpAnimatedTransition.swift in Sources */,
				6E35F41922214F8E00E27BE6 /* UIImageView+Utils.swift in Sources */,
				6EB3839222197E3E00421C2D /* SettingsPresenter.swift in Sources */,
			);
			runOnlyForDeploymentPostprocessing = 0;
		};
		6E0D2AAA221812FF008CB223 /* Sources */ = {
			isa = PBXSourcesBuildPhase;
			buildActionMask = 2147483647;
			files = (
				6E0D2AB3221812FF008CB223 /* CustomVCTransitionsTests.swift in Sources */,
			);
			runOnlyForDeploymentPostprocessing = 0;
		};
		6E0D2AB5221812FF008CB223 /* Sources */ = {
			isa = PBXSourcesBuildPhase;
			buildActionMask = 2147483647;
			files = (
				6E0D2ABE221812FF008CB223 /* CustomVCTransitionsUITests.swift in Sources */,
			);
			runOnlyForDeploymentPostprocessing = 0;
		};
/* End PBXSourcesBuildPhase section */

/* Begin PBXTargetDependency section */
		6E0D2AB0221812FF008CB223 /* PBXTargetDependency */ = {
			isa = PBXTargetDependency;
			target = 6E0D2A99221812FD008CB223 /* CustomVCTransitions */;
			targetProxy = 6E0D2AAF221812FF008CB223 /* PBXContainerItemProxy */;
		};
		6E0D2ABB221812FF008CB223 /* PBXTargetDependency */ = {
			isa = PBXTargetDependency;
			target = 6E0D2A99221812FD008CB223 /* CustomVCTransitions */;
			targetProxy = 6E0D2ABA221812FF008CB223 /* PBXContainerItemProxy */;
		};
/* End PBXTargetDependency section */

/* Begin PBXVariantGroup section */
		6E0D2AA1221812FD008CB223 /* Main.storyboard */ = {
			isa = PBXVariantGroup;
			children = (
				6E0D2AA2221812FD008CB223 /* Base */,
			);
			name = Main.storyboard;
			sourceTree = "<group>";
		};
		6E0D2AA6221812FF008CB223 /* LaunchScreen.storyboard */ = {
			isa = PBXVariantGroup;
			children = (
				6E0D2AA7221812FF008CB223 /* Base */,
			);
			name = LaunchScreen.storyboard;
			sourceTree = "<group>";
		};
/* End PBXVariantGroup section */

/* Begin XCBuildConfiguration section */
		6E0D2AC0221812FF008CB223 /* Debug */ = {
			isa = XCBuildConfiguration;
			buildSettings = {
				ALWAYS_SEARCH_USER_PATHS = NO;
				CLANG_ANALYZER_NONNULL = YES;
				CLANG_ANALYZER_NUMBER_OBJECT_CONVERSION = YES_AGGRESSIVE;
				CLANG_CXX_LANGUAGE_STANDARD = "gnu++14";
				CLANG_CXX_LIBRARY = "libc++";
				CLANG_ENABLE_MODULES = YES;
				CLANG_ENABLE_OBJC_ARC = YES;
				CLANG_ENABLE_OBJC_WEAK = YES;
				CLANG_WARN_BLOCK_CAPTURE_AUTORELEASING = YES;
				CLANG_WARN_BOOL_CONVERSION = YES;
				CLANG_WARN_COMMA = YES;
				CLANG_WARN_CONSTANT_CONVERSION = YES;
				CLANG_WARN_DEPRECATED_OBJC_IMPLEMENTATIONS = YES;
				CLANG_WARN_DIRECT_OBJC_ISA_USAGE = YES_ERROR;
				CLANG_WARN_DOCUMENTATION_COMMENTS = YES;
				CLANG_WARN_EMPTY_BODY = YES;
				CLANG_WARN_ENUM_CONVERSION = YES;
				CLANG_WARN_INFINITE_RECURSION = YES;
				CLANG_WARN_INT_CONVERSION = YES;
				CLANG_WARN_NON_LITERAL_NULL_CONVERSION = YES;
				CLANG_WARN_OBJC_IMPLICIT_RETAIN_SELF = YES;
				CLANG_WARN_OBJC_LITERAL_CONVERSION = YES;
				CLANG_WARN_OBJC_ROOT_CLASS = YES_ERROR;
				CLANG_WARN_RANGE_LOOP_ANALYSIS = YES;
				CLANG_WARN_STRICT_PROTOTYPES = YES;
				CLANG_WARN_SUSPICIOUS_MOVE = YES;
				CLANG_WARN_UNGUARDED_AVAILABILITY = YES_AGGRESSIVE;
				CLANG_WARN_UNREACHABLE_CODE = YES;
				CLANG_WARN__DUPLICATE_METHOD_MATCH = YES;
				CODE_SIGN_IDENTITY = "iPhone Developer";
				COPY_PHASE_STRIP = NO;
				DEBUG_INFORMATION_FORMAT = dwarf;
				ENABLE_STRICT_OBJC_MSGSEND = YES;
				ENABLE_TESTABILITY = YES;
				GCC_C_LANGUAGE_STANDARD = gnu11;
				GCC_DYNAMIC_NO_PIC = NO;
				GCC_NO_COMMON_BLOCKS = YES;
				GCC_OPTIMIZATION_LEVEL = 0;
				GCC_PREPROCESSOR_DEFINITIONS = (
					"DEBUG=1",
					"$(inherited)",
				);
				GCC_WARN_64_TO_32_BIT_CONVERSION = YES;
				GCC_WARN_ABOUT_RETURN_TYPE = YES_ERROR;
				GCC_WARN_UNDECLARED_SELECTOR = YES;
				GCC_WARN_UNINITIALIZED_AUTOS = YES_AGGRESSIVE;
				GCC_WARN_UNUSED_FUNCTION = YES;
				GCC_WARN_UNUSED_VARIABLE = YES;
				IPHONEOS_DEPLOYMENT_TARGET = 12.1;
				MTL_ENABLE_DEBUG_INFO = INCLUDE_SOURCE;
				MTL_FAST_MATH = YES;
				ONLY_ACTIVE_ARCH = YES;
				SDKROOT = iphoneos;
				SWIFT_ACTIVE_COMPILATION_CONDITIONS = DEBUG;
				SWIFT_OPTIMIZATION_LEVEL = "-Onone";
			};
			name = Debug;
		};
		6E0D2AC1221812FF008CB223 /* Release */ = {
			isa = XCBuildConfiguration;
			buildSettings = {
				ALWAYS_SEARCH_USER_PATHS = NO;
				CLANG_ANALYZER_NONNULL = YES;
				CLANG_ANALYZER_NUMBER_OBJECT_CONVERSION = YES_AGGRESSIVE;
				CLANG_CXX_LANGUAGE_STANDARD = "gnu++14";
				CLANG_CXX_LIBRARY = "libc++";
				CLANG_ENABLE_MODULES = YES;
				CLANG_ENABLE_OBJC_ARC = YES;
				CLANG_ENABLE_OBJC_WEAK = YES;
				CLANG_WARN_BLOCK_CAPTURE_AUTORELEASING = YES;
				CLANG_WARN_BOOL_CONVERSION = YES;
				CLANG_WARN_COMMA = YES;
				CLANG_WARN_CONSTANT_CONVERSION = YES;
				CLANG_WARN_DEPRECATED_OBJC_IMPLEMENTATIONS = YES;
				CLANG_WARN_DIRECT_OBJC_ISA_USAGE = YES_ERROR;
				CLANG_WARN_DOCUMENTATION_COMMENTS = YES;
				CLANG_WARN_EMPTY_BODY = YES;
				CLANG_WARN_ENUM_CONVERSION = YES;
				CLANG_WARN_INFINITE_RECURSION = YES;
				CLANG_WARN_INT_CONVERSION = YES;
				CLANG_WARN_NON_LITERAL_NULL_CONVERSION = YES;
				CLANG_WARN_OBJC_IMPLICIT_RETAIN_SELF = YES;
				CLANG_WARN_OBJC_LITERAL_CONVERSION = YES;
				CLANG_WARN_OBJC_ROOT_CLASS = YES_ERROR;
				CLANG_WARN_RANGE_LOOP_ANALYSIS = YES;
				CLANG_WARN_STRICT_PROTOTYPES = YES;
				CLANG_WARN_SUSPICIOUS_MOVE = YES;
				CLANG_WARN_UNGUARDED_AVAILABILITY = YES_AGGRESSIVE;
				CLANG_WARN_UNREACHABLE_CODE = YES;
				CLANG_WARN__DUPLICATE_METHOD_MATCH = YES;
				CODE_SIGN_IDENTITY = "iPhone Developer";
				COPY_PHASE_STRIP = NO;
				DEBUG_INFORMATION_FORMAT = "dwarf-with-dsym";
				ENABLE_NS_ASSERTIONS = NO;
				ENABLE_STRICT_OBJC_MSGSEND = YES;
				GCC_C_LANGUAGE_STANDARD = gnu11;
				GCC_NO_COMMON_BLOCKS = YES;
				GCC_WARN_64_TO_32_BIT_CONVERSION = YES;
				GCC_WARN_ABOUT_RETURN_TYPE = YES_ERROR;
				GCC_WARN_UNDECLARED_SELECTOR = YES;
				GCC_WARN_UNINITIALIZED_AUTOS = YES_AGGRESSIVE;
				GCC_WARN_UNUSED_FUNCTION = YES;
				GCC_WARN_UNUSED_VARIABLE = YES;
				IPHONEOS_DEPLOYMENT_TARGET = 12.1;
				MTL_ENABLE_DEBUG_INFO = NO;
				MTL_FAST_MATH = YES;
				SDKROOT = iphoneos;
				SWIFT_COMPILATION_MODE = wholemodule;
				SWIFT_OPTIMIZATION_LEVEL = "-O";
				VALIDATE_PRODUCT = YES;
			};
			name = Release;
		};
		6E0D2AC3221812FF008CB223 /* Debug */ = {
			isa = XCBuildConfiguration;
			buildSettings = {
				ASSETCATALOG_COMPILER_APPICON_NAME = AppIcon;
				CODE_SIGN_STYLE = Automatic;
				DEVELOPMENT_TEAM = X39ANQDJN2;
				INFOPLIST_FILE = CustomVCTransitions/Info.plist;
				LD_RUNPATH_SEARCH_PATHS = (
					"$(inherited)",
					"@executable_path/Frameworks",
				);
				PRODUCT_BUNDLE_IDENTIFIER = pablo.CustomVCTransitions;
				PRODUCT_NAME = "$(TARGET_NAME)";
				SWIFT_VERSION = 4.2;
				TARGETED_DEVICE_FAMILY = "1,2";
			};
			name = Debug;
		};
		6E0D2AC4221812FF008CB223 /* Release */ = {
			isa = XCBuildConfiguration;
			buildSettings = {
				ASSETCATALOG_COMPILER_APPICON_NAME = AppIcon;
				CODE_SIGN_STYLE = Automatic;
				DEVELOPMENT_TEAM = X39ANQDJN2;
				INFOPLIST_FILE = CustomVCTransitions/Info.plist;
				LD_RUNPATH_SEARCH_PATHS = (
					"$(inherited)",
					"@executable_path/Frameworks",
				);
				PRODUCT_BUNDLE_IDENTIFIER = pablo.CustomVCTransitions;
				PRODUCT_NAME = "$(TARGET_NAME)";
				SWIFT_VERSION = 4.2;
				TARGETED_DEVICE_FAMILY = "1,2";
			};
			name = Release;
		};
		6E0D2AC6221812FF008CB223 /* Debug */ = {
			isa = XCBuildConfiguration;
			buildSettings = {
				ALWAYS_EMBED_SWIFT_STANDARD_LIBRARIES = YES;
				BUNDLE_LOADER = "$(TEST_HOST)";
				CODE_SIGN_STYLE = Automatic;
				DEVELOPMENT_TEAM = X39ANQDJN2;
				INFOPLIST_FILE = CustomVCTransitionsTests/Info.plist;
				LD_RUNPATH_SEARCH_PATHS = (
					"$(inherited)",
					"@executable_path/Frameworks",
					"@loader_path/Frameworks",
				);
				PRODUCT_BUNDLE_IDENTIFIER = pablo.CustomVCTransitionsTests;
				PRODUCT_NAME = "$(TARGET_NAME)";
				SWIFT_VERSION = 4.2;
				TARGETED_DEVICE_FAMILY = "1,2";
				TEST_HOST = "$(BUILT_PRODUCTS_DIR)/CustomVCTransitions.app/CustomVCTransitions";
			};
			name = Debug;
		};
		6E0D2AC7221812FF008CB223 /* Release */ = {
			isa = XCBuildConfiguration;
			buildSettings = {
				ALWAYS_EMBED_SWIFT_STANDARD_LIBRARIES = YES;
				BUNDLE_LOADER = "$(TEST_HOST)";
				CODE_SIGN_STYLE = Automatic;
				DEVELOPMENT_TEAM = X39ANQDJN2;
				INFOPLIST_FILE = CustomVCTransitionsTests/Info.plist;
				LD_RUNPATH_SEARCH_PATHS = (
					"$(inherited)",
					"@executable_path/Frameworks",
					"@loader_path/Frameworks",
				);
				PRODUCT_BUNDLE_IDENTIFIER = pablo.CustomVCTransitionsTests;
				PRODUCT_NAME = "$(TARGET_NAME)";
				SWIFT_VERSION = 4.2;
				TARGETED_DEVICE_FAMILY = "1,2";
				TEST_HOST = "$(BUILT_PRODUCTS_DIR)/CustomVCTransitions.app/CustomVCTransitions";
			};
			name = Release;
		};
		6E0D2AC9221812FF008CB223 /* Debug */ = {
			isa = XCBuildConfiguration;
			buildSettings = {
				ALWAYS_EMBED_SWIFT_STANDARD_LIBRARIES = YES;
				CODE_SIGN_STYLE = Automatic;
				DEVELOPMENT_TEAM = X39ANQDJN2;
				INFOPLIST_FILE = CustomVCTransitionsUITests/Info.plist;
				LD_RUNPATH_SEARCH_PATHS = (
					"$(inherited)",
					"@executable_path/Frameworks",
					"@loader_path/Frameworks",
				);
				PRODUCT_BUNDLE_IDENTIFIER = pablo.CustomVCTransitionsUITests;
				PRODUCT_NAME = "$(TARGET_NAME)";
				SWIFT_VERSION = 4.2;
				TARGETED_DEVICE_FAMILY = "1,2";
				TEST_TARGET_NAME = CustomVCTransitions;
			};
			name = Debug;
		};
		6E0D2ACA221812FF008CB223 /* Release */ = {
			isa = XCBuildConfiguration;
			buildSettings = {
				ALWAYS_EMBED_SWIFT_STANDARD_LIBRARIES = YES;
				CODE_SIGN_STYLE = Automatic;
				DEVELOPMENT_TEAM = X39ANQDJN2;
				INFOPLIST_FILE = CustomVCTransitionsUITests/Info.plist;
				LD_RUNPATH_SEARCH_PATHS = (
					"$(inherited)",
					"@executable_path/Frameworks",
					"@loader_path/Frameworks",
				);
				PRODUCT_BUNDLE_IDENTIFIER = pablo.CustomVCTransitionsUITests;
				PRODUCT_NAME = "$(TARGET_NAME)";
				SWIFT_VERSION = 4.2;
				TARGETED_DEVICE_FAMILY = "1,2";
				TEST_TARGET_NAME = CustomVCTransitions;
			};
			name = Release;
		};
/* End XCBuildConfiguration section */

/* Begin XCConfigurationList section */
		6E0D2A95221812FD008CB223 /* Build configuration list for PBXProject "CustomVCTransitions" */ = {
			isa = XCConfigurationList;
			buildConfigurations = (
				6E0D2AC0221812FF008CB223 /* Debug */,
				6E0D2AC1221812FF008CB223 /* Release */,
			);
			defaultConfigurationIsVisible = 0;
			defaultConfigurationName = Release;
		};
		6E0D2AC2221812FF008CB223 /* Build configuration list for PBXNativeTarget "CustomVCTransitions" */ = {
			isa = XCConfigurationList;
			buildConfigurations = (
				6E0D2AC3221812FF008CB223 /* Debug */,
				6E0D2AC4221812FF008CB223 /* Release */,
			);
			defaultConfigurationIsVisible = 0;
			defaultConfigurationName = Release;
		};
		6E0D2AC5221812FF008CB223 /* Build configuration list for PBXNativeTarget "CustomVCTransitionsTests" */ = {
			isa = XCConfigurationList;
			buildConfigurations = (
				6E0D2AC6221812FF008CB223 /* Debug */,
				6E0D2AC7221812FF008CB223 /* Release */,
			);
			defaultConfigurationIsVisible = 0;
			defaultConfigurationName = Release;
		};
		6E0D2AC8221812FF008CB223 /* Build configuration list for PBXNativeTarget "CustomVCTransitionsUITests" */ = {
			isa = XCConfigurationList;
			buildConfigurations = (
				6E0D2AC9221812FF008CB223 /* Debug */,
				6E0D2ACA221812FF008CB223 /* Release */,
			);
			defaultConfigurationIsVisible = 0;
			defaultConfigurationName = Release;
		};
/* End XCConfigurationList section */
	};
	rootObject = 6E0D2A92221812FD008CB223 /* Project object */;
}
